
Microsoft Visual Studio Solution File, Format Version 12.00
# Visual Studio Version 17
VisualStudioVersion = 17.6.33815.320
MinimumVisualStudioVersion = 10.0.40219.1
Project("{9A19103F-16F7-4668-BE54-9A1E7A4F7556}") = "ProductMicroService", "ProductMicroService.csproj", "{0D60864D-BFC7-4A82-B2A2-0A99FE1B1FD8}"
EndProject
Project("{E53339B2-1760-4266-BCC7-CA923CBCF16C}") = "docker-compose", "docker-compose.dcproj", "{877E05EF-E904-45DA-BB34-4F3E6CDA9610}"
EndProject
Global
	GlobalSection(SolutionConfigurationPlatforms) = preSolution
		Debug|Any CPU = Debug|Any CPU
		NoVariablesDefault|Any CPU = NoVariablesDefault|Any CPU
		Release|Any CPU = Release|Any CPU
	EndGlobalSection
	GlobalSection(ProjectConfigurationPlatforms) = postSolution
		{0D60864D-BFC7-4A82-B2A2-0A99FE1B1FD8}.Debug|Any CPU.ActiveCfg = Debug|Any CPU
		{0D60864D-BFC7-4A82-B2A2-0A99FE1B1FD8}.Debug|Any CPU.Build.0 = Debug|Any CPU
		{0D60864D-BFC7-4A82-B2A2-0A99FE1B1FD8}.NoVariablesDefault|Any CPU.ActiveCfg = Release|Any CPU
		{0D60864D-BFC7-4A82-B2A2-0A99FE1B1FD8}.NoVariablesDefault|Any CPU.Build.0 = Release|Any CPU
		{0D60864D-BFC7-4A82-B2A2-0A99FE1B1FD8}.Release|Any CPU.ActiveCfg = Release|Any CPU
		{0D60864D-BFC7-4A82-B2A2-0A99FE1B1FD8}.Release|Any CPU.Build.0 = Release|Any CPU
		{877E05EF-E904-45DA-BB34-4F3E6CDA9610}.Debug|Any CPU.ActiveCfg = NoVariablesDefault
		{877E05EF-E904-45DA-BB34-4F3E6CDA9610}.Debug|Any CPU.Build.0 = NoVariablesDefault
		{877E05EF-E904-45DA-BB34-4F3E6CDA9610}.NoVariablesDefault|Any CPU.ActiveCfg = NoVariablesDefault
		{877E05EF-E904-45DA-BB34-4F3E6CDA9610}.NoVariablesDefault|Any CPU.Build.0 = NoVariablesDefault
		{877E05EF-E904-45DA-BB34-4F3E6CDA9610}.Release|Any CPU.ActiveCfg = NoVariablesDefault
		{877E05EF-E904-45DA-BB34-4F3E6CDA9610}.Release|Any CPU.Build.0 = NoVariablesDefault
	EndGlobalSection
	GlobalSection(SolutionProperties) = preSolution
		HideSolutionNode = FALSE
	EndGlobalSection
	GlobalSection(ExtensibilityGlobals) = postSolution
		SolutionGuid = {77925983-16C7-4109-BBBC-8535A48FE0D6}
	EndGlobalSection
EndGlobal
